
Microsoft Visual Studio Solution File, Format Version 12.00
# Visual Studio 2012
# Clarion 2.1.0.2447
Project("{12B76EC0-1D7B-4FA7-A7D0-C524288B48A1}") = "SqlKira", "SqlKira.cwproj", "FBDA5382-C158-4884-9AFE-E76D428BE5D2"
EndProject
Project("{2150E333-8FDC-42A3-9474-1A3956D46DE8}") = "Solution Items", "Solution Items", "{{2150E333-8FDC-42A3-9474-1A3956D46DE8}}"
	ProjectSection(SolutionItems) = postProject
		SqlKira.app = SqlKira.app
	EndProjectSection
EndProject
Global
	GlobalSection(SolutionConfigurationPlatforms) = preSolution
		Debug|Any CPU = Debug|Any CPU
		Release|Any CPU = Release|Any CPU
	EndGlobalSection
	GlobalSection(ProjectConfigurationPlatforms) = postSolution
		FBDA5382-C158-4884-9AFE-E76D428BE5D2.Debug|Any CPU.Build.0 = Debug|Any CPU
		FBDA5382-C158-4884-9AFE-E76D428BE5D2.Debug|Any CPU.ActiveCfg = Debug|Any CPU
		FBDA5382-C158-4884-9AFE-E76D428BE5D2.Release|Any CPU.Build.0 = Release|Any CPU
		FBDA5382-C158-4884-9AFE-E76D428BE5D2.Release|Any CPU.ActiveCfg = Release|Any CPU
	EndGlobalSection
EndGlobal
